// !$*UTF8*$!
{
	archiveVersion = 1;
	classes = {
	};
	objectVersion = 50;
	objects = {

/* Begin PBXBuildFile section */
		1724BF29672C8EBD5EAEC256 /* Pods_DigitalWallet.framework in Frameworks */ = {isa = PBXBuildFile; fileRef = 09961BC779ED905828BBBB01 /* Pods_DigitalWallet.framework */; };
		345EA40F23DF712900E28076 /* CardFaceView.swift in Sources */ = {isa = PBXBuildFile; fileRef = 345EA40E23DF712900E28076 /* CardFaceView.swift */; };
		345EA41223DF847C00E28076 /* CreditCard.ttf in Resources */ = {isa = PBXBuildFile; fileRef = 345EA41123DF847C00E28076 /* CreditCard.ttf */; };
		345EA41423DF86E400E28076 /* Card.swift in Sources */ = {isa = PBXBuildFile; fileRef = 345EA41323DF86E400E28076 /* Card.swift */; };
		345EA41623DF878D00E28076 /* CardCaptionView.swift in Sources */ = {isa = PBXBuildFile; fileRef = 345EA41523DF878D00E28076 /* CardCaptionView.swift */; };
		34A192A123E4DD1A00125FCC /* AddCardView.swift in Sources */ = {isa = PBXBuildFile; fileRef = 34A192A023E4DD1A00125FCC /* AddCardView.swift */; };
		34F9B5F823A97CDB006483AD /* AppDelegate.swift in Sources */ = {isa = PBXBuildFile; fileRef = 34F9B5F723A97CDB006483AD /* AppDelegate.swift */; };
		34F9B5FA23A97CDB006483AD /* SceneDelegate.swift in Sources */ = {isa = PBXBuildFile; fileRef = 34F9B5F923A97CDB006483AD /* SceneDelegate.swift */; };
		34F9B5FD23A97CDB006483AD /* DigitalWallet.xcdatamodeld in Sources */ = {isa = PBXBuildFile; fileRef = 34F9B5FB23A97CDB006483AD /* DigitalWallet.xcdatamodeld */; };
		34F9B5FF23A97CDB006483AD /* HomeView.swift in Sources */ = {isa = PBXBuildFile; fileRef = 34F9B5FE23A97CDB006483AD /* HomeView.swift */; };
		34F9B60123A97CDE006483AD /* Assets.xcassets in Resources */ = {isa = PBXBuildFile; fileRef = 34F9B60023A97CDE006483AD /* Assets.xcassets */; };
		34F9B60423A97CDE006483AD /* Preview Assets.xcassets in Resources */ = {isa = PBXBuildFile; fileRef = 34F9B60323A97CDE006483AD /* Preview Assets.xcassets */; };
		34F9B60723A97CDE006483AD /* LaunchScreen.storyboard in Resources */ = {isa = PBXBuildFile; fileRef = 34F9B60523A97CDE006483AD /* LaunchScreen.storyboard */; };
		6814542E24833D9900B8E79E /* Logger.framework in Frameworks */ = {isa = PBXBuildFile; fileRef = 6814542D24833D9900B8E79E /* Logger.framework */; };
		6814542F24833D9900B8E79E /* Logger.framework in Embed Frameworks */ = {isa = PBXBuildFile; fileRef = 6814542D24833D9900B8E79E /* Logger.framework */; settings = {ATTRIBUTES = (CodeSignOnCopy, RemoveHeadersOnCopy, ); }; };
		681454362483423100B8E79E /* CardEntity+Extensions.swift in Sources */ = {isa = PBXBuildFile; fileRef = 681454352483423100B8E79E /* CardEntity+Extensions.swift */; };
		68145438248360C400B8E79E /* CardStorage.swift in Sources */ = {isa = PBXBuildFile; fileRef = 68145437248360C400B8E79E /* CardStorage.swift */; };
		68549152248C79EC00493E19 /* CardBackView.swift in Sources */ = {isa = PBXBuildFile; fileRef = 68549151248C79EC00493E19 /* CardBackView.swift */; };
		68668CA82438F8AC00C00A43 /* NewCardFormView.swift in Sources */ = {isa = PBXBuildFile; fileRef = 68668CA72438F8AC00C00A43 /* NewCardFormView.swift */; };
		68EA6D022471A7C300007E69 /* Constants.swift in Sources */ = {isa = PBXBuildFile; fileRef = 68EA6D012471A7C300007E69 /* Constants.swift */; };
		68EA6D072471A85A00007E69 /* CardField.swift in Sources */ = {isa = PBXBuildFile; fileRef = 68EA6D062471A85A00007E69 /* CardField.swift */; };
		68EA6D092471A89800007E69 /* AddCardViewModel.swift in Sources */ = {isa = PBXBuildFile; fileRef = 68EA6D082471A89800007E69 /* AddCardViewModel.swift */; };
		68EA6D102471B2AD00007E69 /* FloatingButtonStyle.swift in Sources */ = {isa = PBXBuildFile; fileRef = 68EA6D0F2471B2AD00007E69 /* FloatingButtonStyle.swift */; };
/* End PBXBuildFile section */

/* Begin PBXCopyFilesBuildPhase section */
		6814543024833D9900B8E79E /* Embed Frameworks */ = {
			isa = PBXCopyFilesBuildPhase;
			buildActionMask = 2147483647;
			dstPath = "";
			dstSubfolderSpec = 10;
			files = (
				6814542F24833D9900B8E79E /* Logger.framework in Embed Frameworks */,
			);
			name = "Embed Frameworks";
			runOnlyForDeploymentPostprocessing = 0;
		};
/* End PBXCopyFilesBuildPhase section */

/* Begin PBXFileReference section */
		09961BC779ED905828BBBB01 /* Pods_DigitalWallet.framework */ = {isa = PBXFileReference; explicitFileType = wrapper.framework; includeInIndex = 0; path = Pods_DigitalWallet.framework; sourceTree = BUILT_PRODUCTS_DIR; };
		2D086536B8B51FD5B35DC95A /* Pods-DigitalWallet.debug.xcconfig */ = {isa = PBXFileReference; includeInIndex = 1; lastKnownFileType = text.xcconfig; name = "Pods-DigitalWallet.debug.xcconfig"; path = "Target Support Files/Pods-DigitalWallet/Pods-DigitalWallet.debug.xcconfig"; sourceTree = "<group>"; };
		345EA40E23DF712900E28076 /* CardFaceView.swift */ = {isa = PBXFileReference; lastKnownFileType = sourcecode.swift; path = CardFaceView.swift; sourceTree = "<group>"; };
		345EA41123DF847C00E28076 /* CreditCard.ttf */ = {isa = PBXFileReference; lastKnownFileType = file; path = CreditCard.ttf; sourceTree = "<group>"; };
		345EA41323DF86E400E28076 /* Card.swift */ = {isa = PBXFileReference; lastKnownFileType = sourcecode.swift; path = Card.swift; sourceTree = "<group>"; };
		345EA41523DF878D00E28076 /* CardCaptionView.swift */ = {isa = PBXFileReference; lastKnownFileType = sourcecode.swift; path = CardCaptionView.swift; sourceTree = "<group>"; };
		34A192A023E4DD1A00125FCC /* AddCardView.swift */ = {isa = PBXFileReference; lastKnownFileType = sourcecode.swift; path = AddCardView.swift; sourceTree = "<group>"; };
		34F9B5F423A97CDB006483AD /* DigitalWallet.app */ = {isa = PBXFileReference; explicitFileType = wrapper.application; includeInIndex = 0; path = DigitalWallet.app; sourceTree = BUILT_PRODUCTS_DIR; };
		34F9B5F723A97CDB006483AD /* AppDelegate.swift */ = {isa = PBXFileReference; lastKnownFileType = sourcecode.swift; path = AppDelegate.swift; sourceTree = "<group>"; };
		34F9B5F923A97CDB006483AD /* SceneDelegate.swift */ = {isa = PBXFileReference; lastKnownFileType = sourcecode.swift; path = SceneDelegate.swift; sourceTree = "<group>"; };
		34F9B5FC23A97CDB006483AD /* DigitalWallet.xcdatamodel */ = {isa = PBXFileReference; lastKnownFileType = wrapper.xcdatamodel; path = DigitalWallet.xcdatamodel; sourceTree = "<group>"; };
		34F9B5FE23A97CDB006483AD /* HomeView.swift */ = {isa = PBXFileReference; lastKnownFileType = sourcecode.swift; path = HomeView.swift; sourceTree = "<group>"; };
		34F9B60023A97CDE006483AD /* Assets.xcassets */ = {isa = PBXFileReference; lastKnownFileType = folder.assetcatalog; path = Assets.xcassets; sourceTree = "<group>"; };
		34F9B60323A97CDE006483AD /* Preview Assets.xcassets */ = {isa = PBXFileReference; lastKnownFileType = folder.assetcatalog; path = "Preview Assets.xcassets"; sourceTree = "<group>"; };
		34F9B60623A97CDE006483AD /* Base */ = {isa = PBXFileReference; lastKnownFileType = file.storyboard; name = Base; path = Base.lproj/LaunchScreen.storyboard; sourceTree = "<group>"; };
		34F9B60823A97CDE006483AD /* Info.plist */ = {isa = PBXFileReference; lastKnownFileType = text.plist.xml; path = Info.plist; sourceTree = "<group>"; };
		61564B26D3CF58AFDB267D2A /* Pods-DigitalWallet.release.xcconfig */ = {isa = PBXFileReference; includeInIndex = 1; lastKnownFileType = text.xcconfig; name = "Pods-DigitalWallet.release.xcconfig"; path = "Target Support Files/Pods-DigitalWallet/Pods-DigitalWallet.release.xcconfig"; sourceTree = "<group>"; };
		6814542D24833D9900B8E79E /* Logger.framework */ = {isa = PBXFileReference; explicitFileType = wrapper.framework; path = Logger.framework; sourceTree = BUILT_PRODUCTS_DIR; };
		681454352483423100B8E79E /* CardEntity+Extensions.swift */ = {isa = PBXFileReference; lastKnownFileType = sourcecode.swift; path = "CardEntity+Extensions.swift"; sourceTree = "<group>"; };
		68145437248360C400B8E79E /* CardStorage.swift */ = {isa = PBXFileReference; lastKnownFileType = sourcecode.swift; path = CardStorage.swift; sourceTree = "<group>"; };
		68549151248C79EC00493E19 /* CardBackView.swift */ = {isa = PBXFileReference; lastKnownFileType = sourcecode.swift; path = CardBackView.swift; sourceTree = "<group>"; };
		68668CA72438F8AC00C00A43 /* NewCardFormView.swift */ = {isa = PBXFileReference; lastKnownFileType = sourcecode.swift; path = NewCardFormView.swift; sourceTree = "<group>"; };
		68EA6D012471A7C300007E69 /* Constants.swift */ = {isa = PBXFileReference; lastKnownFileType = sourcecode.swift; path = Constants.swift; sourceTree = "<group>"; };
		68EA6D062471A85A00007E69 /* CardField.swift */ = {isa = PBXFileReference; lastKnownFileType = sourcecode.swift; path = CardField.swift; sourceTree = "<group>"; };
		68EA6D082471A89800007E69 /* AddCardViewModel.swift */ = {isa = PBXFileReference; lastKnownFileType = sourcecode.swift; path = AddCardViewModel.swift; sourceTree = "<group>"; };
		68EA6D0F2471B2AD00007E69 /* FloatingButtonStyle.swift */ = {isa = PBXFileReference; lastKnownFileType = sourcecode.swift; path = FloatingButtonStyle.swift; sourceTree = "<group>"; };
/* End PBXFileReference section */

/* Begin PBXFrameworksBuildPhase section */
		34F9B5F123A97CDB006483AD /* Frameworks */ = {
			isa = PBXFrameworksBuildPhase;
			buildActionMask = 2147483647;
			files = (
				6814542E24833D9900B8E79E /* Logger.framework in Frameworks */,
				1724BF29672C8EBD5EAEC256 /* Pods_DigitalWallet.framework in Frameworks */,
			);
			runOnlyForDeploymentPostprocessing = 0;
		};
/* End PBXFrameworksBuildPhase section */

/* Begin PBXGroup section */
		345EA40C23DF6B3C00E28076 /* Home */ = {
			isa = PBXGroup;
			children = (
				34F9B5FE23A97CDB006483AD /* HomeView.swift */,
			);
			path = Home;
			sourceTree = "<group>";
		};
		345EA41023DF846C00E28076 /* Fonts */ = {
			isa = PBXGroup;
			children = (
				345EA41123DF847C00E28076 /* CreditCard.ttf */,
			);
			path = Fonts;
			sourceTree = "<group>";
		};
		34A192A223E4DD2500125FCC /* Add Card */ = {
			isa = PBXGroup;
			children = (
				34A192A023E4DD1A00125FCC /* AddCardView.swift */,
				68EA6D082471A89800007E69 /* AddCardViewModel.swift */,
			);
			path = "Add Card";
			sourceTree = "<group>";
		};
		34F9B5EB23A97CDB006483AD = {
			isa = PBXGroup;
			children = (
				34F9B5F623A97CDB006483AD /* DigitalWallet */,
				34F9B5F523A97CDB006483AD /* Products */,
				ADEF313FFF126BBFD87FCC97 /* Pods */,
				F77821946D5D1D8476AC8293 /* Frameworks */,
			);
			sourceTree = "<group>";
		};
		34F9B5F523A97CDB006483AD /* Products */ = {
			isa = PBXGroup;
			children = (
				34F9B5F423A97CDB006483AD /* DigitalWallet.app */,
			);
			name = Products;
			sourceTree = "<group>";
		};
		34F9B5F623A97CDB006483AD /* DigitalWallet */ = {
			isa = PBXGroup;
			children = (
				34F9B5F723A97CDB006483AD /* AppDelegate.swift */,
				34F9B5F923A97CDB006483AD /* SceneDelegate.swift */,
				68EA6D0A2471A9BA00007E69 /* Scenes */,
				68EA6D032471A7E000007E69 /* Models */,
				68EA6CFE2471A7A400007E69 /* Reusable */,
				68EA6D0C2471AA4A00007E69 /* Utils */,
				68EA6D0B2471A9FA00007E69 /* Resources */,
				34F9B60223A97CDE006483AD /* Preview Content */,
				68145437248360C400B8E79E /* CardStorage.swift */,
			);
			path = DigitalWallet;
			sourceTree = "<group>";
		};
		34F9B60223A97CDE006483AD /* Preview Content */ = {
			isa = PBXGroup;
			children = (
				34F9B60323A97CDE006483AD /* Preview Assets.xcassets */,
			);
			path = "Preview Content";
			sourceTree = "<group>";
		};
		68EA6CFE2471A7A400007E69 /* Reusable */ = {
			isa = PBXGroup;
			children = (
				68EA6D0D2471AC4300007E69 /* Form */,
				68EA6D0E2471AC5C00007E69 /* Card */,
				68EA6D0F2471B2AD00007E69 /* FloatingButtonStyle.swift */,
			);
			path = Reusable;
			sourceTree = "<group>";
		};
		68EA6D032471A7E000007E69 /* Models */ = {
			isa = PBXGroup;
			children = (
				345EA41323DF86E400E28076 /* Card.swift */,
				68EA6D062471A85A00007E69 /* CardField.swift */,
				681454352483423100B8E79E /* CardEntity+Extensions.swift */,
			);
			path = Models;
			sourceTree = "<group>";
		};
		68EA6D0A2471A9BA00007E69 /* Scenes */ = {
			isa = PBXGroup;
			children = (
				345EA40C23DF6B3C00E28076 /* Home */,
				34A192A223E4DD2500125FCC /* Add Card */,
			);
			path = Scenes;
			sourceTree = "<group>";
		};
		68EA6D0B2471A9FA00007E69 /* Resources */ = {
			isa = PBXGroup;
			children = (
				34F9B60523A97CDE006483AD /* LaunchScreen.storyboard */,
				34F9B60823A97CDE006483AD /* Info.plist */,
				34F9B5FB23A97CDB006483AD /* DigitalWallet.xcdatamodeld */,
				34F9B60023A97CDE006483AD /* Assets.xcassets */,
			);
			name = Resources;
			sourceTree = "<group>";
		};
		68EA6D0C2471AA4A00007E69 /* Utils */ = {
			isa = PBXGroup;
			children = (
				68EA6D012471A7C300007E69 /* Constants.swift */,
				345EA41023DF846C00E28076 /* Fonts */,
			);
			path = Utils;
			sourceTree = "<group>";
		};
		68EA6D0D2471AC4300007E69 /* Form */ = {
			isa = PBXGroup;
			children = (
				68668CA72438F8AC00C00A43 /* NewCardFormView.swift */,
			);
			path = Form;
			sourceTree = "<group>";
		};
		68EA6D0E2471AC5C00007E69 /* Card */ = {
			isa = PBXGroup;
			children = (
				345EA40E23DF712900E28076 /* CardFaceView.swift */,
				68549151248C79EC00493E19 /* CardBackView.swift */,
				345EA41523DF878D00E28076 /* CardCaptionView.swift */,
			);
			path = Card;
			sourceTree = "<group>";
		};
		ADEF313FFF126BBFD87FCC97 /* Pods */ = {
			isa = PBXGroup;
			children = (
				2D086536B8B51FD5B35DC95A /* Pods-DigitalWallet.debug.xcconfig */,
				61564B26D3CF58AFDB267D2A /* Pods-DigitalWallet.release.xcconfig */,
			);
			path = Pods;
			sourceTree = "<group>";
		};
		F77821946D5D1D8476AC8293 /* Frameworks */ = {
			isa = PBXGroup;
			children = (
				6814542D24833D9900B8E79E /* Logger.framework */,
				09961BC779ED905828BBBB01 /* Pods_DigitalWallet.framework */,
			);
			name = Frameworks;
			sourceTree = "<group>";
		};
/* End PBXGroup section */

/* Begin PBXNativeTarget section */
		34F9B5F323A97CDB006483AD /* DigitalWallet */ = {
			isa = PBXNativeTarget;
			buildConfigurationList = 34F9B60B23A97CDE006483AD /* Build configuration list for PBXNativeTarget "DigitalWallet" */;
			buildPhases = (
				B9C600A9E2E8FD105C5872C7 /* [CP] Check Pods Manifest.lock */,
				34F9B5F023A97CDB006483AD /* Sources */,
				34F9B5F123A97CDB006483AD /* Frameworks */,
				34F9B5F223A97CDB006483AD /* Resources */,
				6814543024833D9900B8E79E /* Embed Frameworks */,
			);
			buildRules = (
			);
			dependencies = (
			);
			name = DigitalWallet;
			productName = DigitalWallet;
			productReference = 34F9B5F423A97CDB006483AD /* DigitalWallet.app */;
			productType = "com.apple.product-type.application";
		};
/* End PBXNativeTarget section */

/* Begin PBXProject section */
		34F9B5EC23A97CDB006483AD /* Project object */ = {
			isa = PBXProject;
			attributes = {
				LastSwiftUpdateCheck = 1120;
				LastUpgradeCheck = 1120;
				ORGANIZATIONNAME = "Daniel Reyes Sanchez";
				TargetAttributes = {
					34F9B5F323A97CDB006483AD = {
						CreatedOnToolsVersion = 11.2.1;
					};
				};
			};
			buildConfigurationList = 34F9B5EF23A97CDB006483AD /* Build configuration list for PBXProject "DigitalWallet" */;
			compatibilityVersion = "Xcode 9.3";
			developmentRegion = en;
			hasScannedForEncodings = 0;
			knownRegions = (
				en,
				Base,
			);
			mainGroup = 34F9B5EB23A97CDB006483AD;
			productRefGroup = 34F9B5F523A97CDB006483AD /* Products */;
			projectDirPath = "";
			projectRoot = "";
			targets = (
				34F9B5F323A97CDB006483AD /* DigitalWallet */,
			);
		};
/* End PBXProject section */

/* Begin PBXResourcesBuildPhase section */
		34F9B5F223A97CDB006483AD /* Resources */ = {
			isa = PBXResourcesBuildPhase;
			buildActionMask = 2147483647;
			files = (
				34F9B60723A97CDE006483AD /* LaunchScreen.storyboard in Resources */,
				34F9B60423A97CDE006483AD /* Preview Assets.xcassets in Resources */,
				34F9B60123A97CDE006483AD /* Assets.xcassets in Resources */,
				345EA41223DF847C00E28076 /* CreditCard.ttf in Resources */,
			);
			runOnlyForDeploymentPostprocessing = 0;
		};
/* End PBXResourcesBuildPhase section */

/* Begin PBXShellScriptBuildPhase section */
		B9C600A9E2E8FD105C5872C7 /* [CP] Check Pods Manifest.lock */ = {
			isa = PBXShellScriptBuildPhase;
			buildActionMask = 2147483647;
			files = (
			);
			inputFileListPaths = (
			);
			inputPaths = (
				"${PODS_PODFILE_DIR_PATH}/Podfile.lock",
				"${PODS_ROOT}/Manifest.lock",
			);
			name = "[CP] Check Pods Manifest.lock";
			outputFileListPaths = (
			);
			outputPaths = (
				"$(DERIVED_FILE_DIR)/Pods-DigitalWallet-checkManifestLockResult.txt",
			);
			runOnlyForDeploymentPostprocessing = 0;
			shellPath = /bin/sh;
			shellScript = "diff \"${PODS_PODFILE_DIR_PATH}/Podfile.lock\" \"${PODS_ROOT}/Manifest.lock\" > /dev/null\nif [ $? != 0 ] ; then\n    # print error to STDERR\n    echo \"error: The sandbox is not in sync with the Podfile.lock. Run 'pod install' or update your CocoaPods installation.\" >&2\n    exit 1\nfi\n# This output is used by Xcode 'outputs' to avoid re-running this script phase.\necho \"SUCCESS\" > \"${SCRIPT_OUTPUT_FILE_0}\"\n";
			showEnvVarsInLog = 0;
		};
/* End PBXShellScriptBuildPhase section */

/* Begin PBXSourcesBuildPhase section */
		34F9B5F023A97CDB006483AD /* Sources */ = {
			isa = PBXSourcesBuildPhase;
			buildActionMask = 2147483647;
			files = (
				68EA6D072471A85A00007E69 /* CardField.swift in Sources */,
				34F9B5F823A97CDB006483AD /* AppDelegate.swift in Sources */,
				681454362483423100B8E79E /* CardEntity+Extensions.swift in Sources */,
				68549152248C79EC00493E19 /* CardBackView.swift in Sources */,
				345EA41423DF86E400E28076 /* Card.swift in Sources */,
				68145438248360C400B8E79E /* CardStorage.swift in Sources */,
				34A192A123E4DD1A00125FCC /* AddCardView.swift in Sources */,
				68EA6D092471A89800007E69 /* AddCardViewModel.swift in Sources */,
				68EA6D102471B2AD00007E69 /* FloatingButtonStyle.swift in Sources */,
				345EA41623DF878D00E28076 /* CardCaptionView.swift in Sources */,
				34F9B5FD23A97CDB006483AD /* DigitalWallet.xcdatamodeld in Sources */,
				68EA6D022471A7C300007E69 /* Constants.swift in Sources */,
				68668CA82438F8AC00C00A43 /* NewCardFormView.swift in Sources */,
				34F9B5FF23A97CDB006483AD /* HomeView.swift in Sources */,
				34F9B5FA23A97CDB006483AD /* SceneDelegate.swift in Sources */,
				345EA40F23DF712900E28076 /* CardFaceView.swift in Sources */,
			);
			runOnlyForDeploymentPostprocessing = 0;
		};
/* End PBXSourcesBuildPhase section */

/* Begin PBXVariantGroup section */
		34F9B60523A97CDE006483AD /* LaunchScreen.storyboard */ = {
			isa = PBXVariantGroup;
			children = (
				34F9B60623A97CDE006483AD /* Base */,
			);
			name = LaunchScreen.storyboard;
			sourceTree = "<group>";
		};
/* End PBXVariantGroup section */

/* Begin XCBuildConfiguration section */
		34F9B60923A97CDE006483AD /* Debug */ = {
			isa = XCBuildConfiguration;
			buildSettings = {
				ALWAYS_SEARCH_USER_PATHS = NO;
				CLANG_ANALYZER_NONNULL = YES;
				CLANG_ANALYZER_NUMBER_OBJECT_CONVERSION = YES_AGGRESSIVE;
				CLANG_CXX_LANGUAGE_STANDARD = "gnu++14";
				CLANG_CXX_LIBRARY = "libc++";
				CLANG_ENABLE_MODULES = YES;
				CLANG_ENABLE_OBJC_ARC = YES;
				CLANG_ENABLE_OBJC_WEAK = YES;
				CLANG_WARN_BLOCK_CAPTURE_AUTORELEASING = YES;
				CLANG_WARN_BOOL_CONVERSION = YES;
				CLANG_WARN_COMMA = YES;
				CLANG_WARN_CONSTANT_CONVERSION = YES;
				CLANG_WARN_DEPRECATED_OBJC_IMPLEMENTATIONS = YES;
				CLANG_WARN_DIRECT_OBJC_ISA_USAGE = YES_ERROR;
				CLANG_WARN_DOCUMENTATION_COMMENTS = YES;
				CLANG_WARN_EMPTY_BODY = YES;
				CLANG_WARN_ENUM_CONVERSION = YES;
				CLANG_WARN_INFINITE_RECURSION = YES;
				CLANG_WARN_INT_CONVERSION = YES;
				CLANG_WARN_NON_LITERAL_NULL_CONVERSION = YES;
				CLANG_WARN_OBJC_IMPLICIT_RETAIN_SELF = YES;
				CLANG_WARN_OBJC_LITERAL_CONVERSION = YES;
				CLANG_WARN_OBJC_ROOT_CLASS = YES_ERROR;
				CLANG_WARN_RANGE_LOOP_ANALYSIS = YES;
				CLANG_WARN_STRICT_PROTOTYPES = YES;
				CLANG_WARN_SUSPICIOUS_MOVE = YES;
				CLANG_WARN_UNGUARDED_AVAILABILITY = YES_AGGRESSIVE;
				CLANG_WARN_UNREACHABLE_CODE = YES;
				CLANG_WARN__DUPLICATE_METHOD_MATCH = YES;
				COPY_PHASE_STRIP = NO;
				DEBUG_INFORMATION_FORMAT = dwarf;
				ENABLE_STRICT_OBJC_MSGSEND = YES;
				ENABLE_TESTABILITY = YES;
				GCC_C_LANGUAGE_STANDARD = gnu11;
				GCC_DYNAMIC_NO_PIC = NO;
				GCC_NO_COMMON_BLOCKS = YES;
				GCC_OPTIMIZATION_LEVEL = 0;
				GCC_PREPROCESSOR_DEFINITIONS = (
					"DEBUG=1",
					"$(inherited)",
				);
				GCC_WARN_64_TO_32_BIT_CONVERSION = YES;
				GCC_WARN_ABOUT_RETURN_TYPE = YES_ERROR;
				GCC_WARN_UNDECLARED_SELECTOR = YES;
				GCC_WARN_UNINITIALIZED_AUTOS = YES_AGGRESSIVE;
				GCC_WARN_UNUSED_FUNCTION = YES;
				GCC_WARN_UNUSED_VARIABLE = YES;
				IPHONEOS_DEPLOYMENT_TARGET = 13.0;
				MTL_ENABLE_DEBUG_INFO = INCLUDE_SOURCE;
				MTL_FAST_MATH = YES;
				ONLY_ACTIVE_ARCH = YES;
				SDKROOT = iphoneos;
				SWIFT_ACTIVE_COMPILATION_CONDITIONS = DEBUG;
				SWIFT_OPTIMIZATION_LEVEL = "-Onone";
			};
			name = Debug;
		};
		34F9B60A23A97CDE006483AD /* Release */ = {
			isa = XCBuildConfiguration;
			buildSettings = {
				ALWAYS_SEARCH_USER_PATHS = NO;
				CLANG_ANALYZER_NONNULL = YES;
				CLANG_ANALYZER_NUMBER_OBJECT_CONVERSION = YES_AGGRESSIVE;
				CLANG_CXX_LANGUAGE_STANDARD = "gnu++14";
				CLANG_CXX_LIBRARY = "libc++";
				CLANG_ENABLE_MODULES = YES;
				CLANG_ENABLE_OBJC_ARC = YES;
				CLANG_ENABLE_OBJC_WEAK = YES;
				CLANG_WARN_BLOCK_CAPTURE_AUTORELEASING = YES;
				CLANG_WARN_BOOL_CONVERSION = YES;
				CLANG_WARN_COMMA = YES;
				CLANG_WARN_CONSTANT_CONVERSION = YES;
				CLANG_WARN_DEPRECATED_OBJC_IMPLEMENTATIONS = YES;
				CLANG_WARN_DIRECT_OBJC_ISA_USAGE = YES_ERROR;
				CLANG_WARN_DOCUMENTATION_COMMENTS = YES;
				CLANG_WARN_EMPTY_BODY = YES;
				CLANG_WARN_ENUM_CONVERSION = YES;
				CLANG_WARN_INFINITE_RECURSION = YES;
				CLANG_WARN_INT_CONVERSION = YES;
				CLANG_WARN_NON_LITERAL_NULL_CONVERSION = YES;
				CLANG_WARN_OBJC_IMPLICIT_RETAIN_SELF = YES;
				CLANG_WARN_OBJC_LITERAL_CONVERSION = YES;
				CLANG_WARN_OBJC_ROOT_CLASS = YES_ERROR;
				CLANG_WARN_RANGE_LOOP_ANALYSIS = YES;
				CLANG_WARN_STRICT_PROTOTYPES = YES;
				CLANG_WARN_SUSPICIOUS_MOVE = YES;
				CLANG_WARN_UNGUARDED_AVAILABILITY = YES_AGGRESSIVE;
				CLANG_WARN_UNREACHABLE_CODE = YES;
				CLANG_WARN__DUPLICATE_METHOD_MATCH = YES;
				COPY_PHASE_STRIP = NO;
				DEBUG_INFORMATION_FORMAT = "dwarf-with-dsym";
				ENABLE_NS_ASSERTIONS = NO;
				ENABLE_STRICT_OBJC_MSGSEND = YES;
				GCC_C_LANGUAGE_STANDARD = gnu11;
				GCC_NO_COMMON_BLOCKS = YES;
				GCC_WARN_64_TO_32_BIT_CONVERSION = YES;
				GCC_WARN_ABOUT_RETURN_TYPE = YES_ERROR;
				GCC_WARN_UNDECLARED_SELECTOR = YES;
				GCC_WARN_UNINITIALIZED_AUTOS = YES_AGGRESSIVE;
				GCC_WARN_UNUSED_FUNCTION = YES;
				GCC_WARN_UNUSED_VARIABLE = YES;
				IPHONEOS_DEPLOYMENT_TARGET = 13.0;
				MTL_ENABLE_DEBUG_INFO = NO;
				MTL_FAST_MATH = YES;
				SDKROOT = iphoneos;
				SWIFT_COMPILATION_MODE = wholemodule;
				SWIFT_OPTIMIZATION_LEVEL = "-O";
				VALIDATE_PRODUCT = YES;
			};
			name = Release;
		};
		34F9B60C23A97CDE006483AD /* Debug */ = {
			isa = XCBuildConfiguration;
			baseConfigurationReference = 2D086536B8B51FD5B35DC95A /* Pods-DigitalWallet.debug.xcconfig */;
			buildSettings = {
				ASSETCATALOG_COMPILER_APPICON_NAME = AppIcon;
				CODE_SIGN_STYLE = Automatic;
				DEVELOPMENT_ASSET_PATHS = "\"DigitalWallet/Preview Content\"";
				DEVELOPMENT_TEAM = SM5DS4HC25;
				ENABLE_PREVIEWS = YES;
				INFOPLIST_FILE = DigitalWallet/Info.plist;
				LD_RUNPATH_SEARCH_PATHS = (
					"$(inherited)",
					"@executable_path/Frameworks",
				);
				PRODUCT_BUNDLE_IDENTIFIER = mx.dreyes.DigitalWallet;
				PRODUCT_NAME = "$(TARGET_NAME)";
				SWIFT_VERSION = 5.0;
				TARGETED_DEVICE_FAMILY = "1,2";
			};
			name = Debug;
		};
		34F9B60D23A97CDE006483AD /* Release */ = {
			isa = XCBuildConfiguration;
			baseConfigurationReference = 61564B26D3CF58AFDB267D2A /* Pods-DigitalWallet.release.xcconfig */;
			buildSettings = {
				ASSETCATALOG_COMPILER_APPICON_NAME = AppIcon;
				CODE_SIGN_STYLE = Automatic;
				DEVELOPMENT_ASSET_PATHS = "\"DigitalWallet/Preview Content\"";
				DEVELOPMENT_TEAM = SM5DS4HC25;
				ENABLE_PREVIEWS = YES;
				INFOPLIST_FILE = DigitalWallet/Info.plist;
				LD_RUNPATH_SEARCH_PATHS = (
					"$(inherited)",
					"@executable_path/Frameworks",
				);
				PRODUCT_BUNDLE_IDENTIFIER = mx.dreyes.DigitalWallet;
				PRODUCT_NAME = "$(TARGET_NAME)";
				SWIFT_VERSION = 5.0;
				TARGETED_DEVICE_FAMILY = "1,2";
			};
			name = Release;
		};
/* End XCBuildConfiguration section */

/* Begin XCConfigurationList section */
		34F9B5EF23A97CDB006483AD /* Build configuration list for PBXProject "DigitalWallet" */ = {
			isa = XCConfigurationList;
			buildConfigurations = (
				34F9B60923A97CDE006483AD /* Debug */,
				34F9B60A23A97CDE006483AD /* Release */,
			);
			defaultConfigurationIsVisible = 0;
			defaultConfigurationName = Release;
		};
		34F9B60B23A97CDE006483AD /* Build configuration list for PBXNativeTarget "DigitalWallet" */ = {
			isa = XCConfigurationList;
			buildConfigurations = (
				34F9B60C23A97CDE006483AD /* Debug */,
				34F9B60D23A97CDE006483AD /* Release */,
			);
			defaultConfigurationIsVisible = 0;
			defaultConfigurationName = Release;
		};
/* End XCConfigurationList section */

/* Begin XCVersionGroup section */
		34F9B5FB23A97CDB006483AD /* DigitalWallet.xcdatamodeld */ = {
			isa = XCVersionGroup;
			children = (
				34F9B5FC23A97CDB006483AD /* DigitalWallet.xcdatamodel */,
			);
			currentVersion = 34F9B5FC23A97CDB006483AD /* DigitalWallet.xcdatamodel */;
			path = DigitalWallet.xcdatamodeld;
			sourceTree = "<group>";
			versionGroupType = wrapper.xcdatamodel;
		};
/* End XCVersionGroup section */
	};
	rootObject = 34F9B5EC23A97CDB006483AD /* Project object */;
}
